
Microsoft Visual Studio Solution File, Format Version 12.00
# Visual Studio Version 16
VisualStudioVersion = 16.0.30114.105
MinimumVisualStudioVersion = 10.0.40219.1
Project("{2150E333-8FDC-42A3-9474-1A3956D46DE8}") = "Src", "Src", "{F1B6723F-ED60-490B-91B4-A124B2F76AF0}"
EndProject
Project("{2150E333-8FDC-42A3-9474-1A3956D46DE8}") = "Core", "Core", "{54740C8A-568A-48ED-B59B-1DB755673AFF}"
EndProject
Project("{2150E333-8FDC-42A3-9474-1A3956D46DE8}") = "Presention", "Presention", "{D7AD064A-4ADE-4274-A5E1-5F39449FC51F}"
EndProject
Project("{2150E333-8FDC-42A3-9474-1A3956D46DE8}") = "Infrustructure", "Infrustructure", "{E5867FE1-0FEB-462B-B58F-AB974418DFDE}"
EndProject
Project("{FAE04EC0-301F-11D3-BF4B-00C04F79EFBC}") = "Amlak_Web_Domain", "Amlak_Web_Domain\Amlak_Web_Domain.csproj", "{D4A0E8BF-1867-4D86-9171-A3E7343BC632}"
EndProject
Project("{FAE04EC0-301F-11D3-BF4B-00C04F79EFBC}") = "Amlak_Web_Application", "Amlak_Web_Application\Amlak_Web_Application.csproj", "{2B19F06F-03A8-4AEF-ABD7-2F9AA3C912F3}"
EndProject
Project("{FAE04EC0-301F-11D3-BF4B-00C04F79EFBC}") = "Amlak_Web_Persistence", "Amlak_Web_Persistence\Amlak_Web_Persistence.csproj", "{FCFDC672-C8F3-4BFB-BA7E-3916EE3DE50B}"
EndProject
Project("{FAE04EC0-301F-11D3-BF4B-00C04F79EFBC}") = "Amlak_Web_EndPoint", "Amlak_Web_EndPoint\Amlak_Web_EndPoint.csproj", "{DCD274CB-2076-4346-A884-A1F3F3158D5D}"
EndProject
Global
	GlobalSection(SolutionConfigurationPlatforms) = preSolution
		Debug|Any CPU = Debug|Any CPU
		Debug|x64 = Debug|x64
		Debug|x86 = Debug|x86
		Release|Any CPU = Release|Any CPU
		Release|x64 = Release|x64
		Release|x86 = Release|x86
	EndGlobalSection
	GlobalSection(ProjectConfigurationPlatforms) = postSolution
		{D4A0E8BF-1867-4D86-9171-A3E7343BC632}.Debug|Any CPU.ActiveCfg = Debug|Any CPU
		{D4A0E8BF-1867-4D86-9171-A3E7343BC632}.Debug|Any CPU.Build.0 = Debug|Any CPU
		{D4A0E8BF-1867-4D86-9171-A3E7343BC632}.Debug|x64.ActiveCfg = Debug|Any CPU
		{D4A0E8BF-1867-4D86-9171-A3E7343BC632}.Debug|x64.Build.0 = Debug|Any CPU
		{D4A0E8BF-1867-4D86-9171-A3E7343BC632}.Debug|x86.ActiveCfg = Debug|Any CPU
		{D4A0E8BF-1867-4D86-9171-A3E7343BC632}.Debug|x86.Build.0 = Debug|Any CPU
		{D4A0E8BF-1867-4D86-9171-A3E7343BC632}.Release|Any CPU.ActiveCfg = Release|Any CPU
		{D4A0E8BF-1867-4D86-9171-A3E7343BC632}.Release|Any CPU.Build.0 = Release|Any CPU
		{D4A0E8BF-1867-4D86-9171-A3E7343BC632}.Release|x64.ActiveCfg = Release|Any CPU
		{D4A0E8BF-1867-4D86-9171-A3E7343BC632}.Release|x64.Build.0 = Release|Any CPU
		{D4A0E8BF-1867-4D86-9171-A3E7343BC632}.Release|x86.ActiveCfg = Release|Any CPU
		{D4A0E8BF-1867-4D86-9171-A3E7343BC632}.Release|x86.Build.0 = Release|Any CPU
		{2B19F06F-03A8-4AEF-ABD7-2F9AA3C912F3}.Debug|Any CPU.ActiveCfg = Debug|Any CPU
		{2B19F06F-03A8-4AEF-ABD7-2F9AA3C912F3}.Debug|Any CPU.Build.0 = Debug|Any CPU
		{2B19F06F-03A8-4AEF-ABD7-2F9AA3C912F3}.Debug|x64.ActiveCfg = Debug|Any CPU
		{2B19F06F-03A8-4AEF-ABD7-2F9AA3C912F3}.Debug|x64.Build.0 = Debug|Any CPU
		{2B19F06F-03A8-4AEF-ABD7-2F9AA3C912F3}.Debug|x86.ActiveCfg = Debug|Any CPU
		{2B19F06F-03A8-4AEF-ABD7-2F9AA3C912F3}.Debug|x86.Build.0 = Debug|Any CPU
		{2B19F06F-03A8-4AEF-ABD7-2F9AA3C912F3}.Release|Any CPU.ActiveCfg = Release|Any CPU
		{2B19F06F-03A8-4AEF-ABD7-2F9AA3C912F3}.Release|Any CPU.Build.0 = Release|Any CPU
		{2B19F06F-03A8-4AEF-ABD7-2F9AA3C912F3}.Release|x64.ActiveCfg = Release|Any CPU
		{2B19F06F-03A8-4AEF-ABD7-2F9AA3C912F3}.Release|x64.Build.0 = Release|Any CPU
		{2B19F06F-03A8-4AEF-ABD7-2F9AA3C912F3}.Release|x86.ActiveCfg = Release|Any CPU
		{2B19F06F-03A8-4AEF-ABD7-2F9AA3C912F3}.Release|x86.Build.0 = Release|Any CPU
		{FCFDC672-C8F3-4BFB-BA7E-3916EE3DE50B}.Debug|Any CPU.ActiveCfg = Debug|Any CPU
		{FCFDC672-C8F3-4BFB-BA7E-3916EE3DE50B}.Debug|Any CPU.Build.0 = Debug|Any CPU
		{FCFDC672-C8F3-4BFB-BA7E-3916EE3DE50B}.Debug|x64.ActiveCfg = Debug|Any CPU
		{FCFDC672-C8F3-4BFB-BA7E-3916EE3DE50B}.Debug|x64.Build.0 = Debug|Any CPU
		{FCFDC672-C8F3-4BFB-BA7E-3916EE3DE50B}.Debug|x86.ActiveCfg = Debug|Any CPU
		{FCFDC672-C8F3-4BFB-BA7E-3916EE3DE50B}.Debug|x86.Build.0 = Debug|Any CPU
		{FCFDC672-C8F3-4BFB-BA7E-3916EE3DE50B}.Release|Any CPU.ActiveCfg = Release|Any CPU
		{FCFDC672-C8F3-4BFB-BA7E-3916EE3DE50B}.Release|Any CPU.Build.0 = Release|Any CPU
		{FCFDC672-C8F3-4BFB-BA7E-3916EE3DE50B}.Release|x64.ActiveCfg = Release|Any CPU
		{FCFDC672-C8F3-4BFB-BA7E-3916EE3DE50B}.Release|x64.Build.0 = Release|Any CPU
		{FCFDC672-C8F3-4BFB-BA7E-3916EE3DE50B}.Release|x86.ActiveCfg = Release|Any CPU
		{FCFDC672-C8F3-4BFB-BA7E-3916EE3DE50B}.Release|x86.Build.0 = Release|Any CPU
		{DCD274CB-2076-4346-A884-A1F3F3158D5D}.Debug|Any CPU.ActiveCfg = Debug|Any CPU
		{DCD274CB-2076-4346-A884-A1F3F3158D5D}.Debug|Any CPU.Build.0 = Debug|Any CPU
		{DCD274CB-2076-4346-A884-A1F3F3158D5D}.Debug|x64.ActiveCfg = Debug|Any CPU
		{DCD274CB-2076-4346-A884-A1F3F3158D5D}.Debug|x64.Build.0 = Debug|Any CPU
		{DCD274CB-2076-4346-A884-A1F3F3158D5D}.Debug|x86.ActiveCfg = Debug|Any CPU
		{DCD274CB-2076-4346-A884-A1F3F3158D5D}.Debug|x86.Build.0 = Debug|Any CPU
		{DCD274CB-2076-4346-A884-A1F3F3158D5D}.Release|Any CPU.ActiveCfg = Release|Any CPU
		{DCD274CB-2076-4346-A884-A1F3F3158D5D}.Release|Any CPU.Build.0 = Release|Any CPU
		{DCD274CB-2076-4346-A884-A1F3F3158D5D}.Release|x64.ActiveCfg = Release|Any CPU
		{DCD274CB-2076-4346-A884-A1F3F3158D5D}.Release|x64.Build.0 = Release|Any CPU
		{DCD274CB-2076-4346-A884-A1F3F3158D5D}.Release|x86.ActiveCfg = Release|Any CPU
		{DCD274CB-2076-4346-A884-A1F3F3158D5D}.Release|x86.Build.0 = Release|Any CPU
	EndGlobalSection
	GlobalSection(SolutionProperties) = preSolution
		HideSolutionNode = FALSE
	EndGlobalSection
	GlobalSection(NestedProjects) = preSolution
		{54740C8A-568A-48ED-B59B-1DB755673AFF} = {F1B6723F-ED60-490B-91B4-A124B2F76AF0}
		{D7AD064A-4ADE-4274-A5E1-5F39449FC51F} = {F1B6723F-ED60-490B-91B4-A124B2F76AF0}
		{E5867FE1-0FEB-462B-B58F-AB974418DFDE} = {F1B6723F-ED60-490B-91B4-A124B2F76AF0}
		{D4A0E8BF-1867-4D86-9171-A3E7343BC632} = {54740C8A-568A-48ED-B59B-1DB755673AFF}
		{2B19F06F-03A8-4AEF-ABD7-2F9AA3C912F3} = {54740C8A-568A-48ED-B59B-1DB755673AFF}
		{FCFDC672-C8F3-4BFB-BA7E-3916EE3DE50B} = {E5867FE1-0FEB-462B-B58F-AB974418DFDE}
		{DCD274CB-2076-4346-A884-A1F3F3158D5D} = {D7AD064A-4ADE-4274-A5E1-5F39449FC51F}
	EndGlobalSection
	GlobalSection(ExtensibilityGlobals) = postSolution
		SolutionGuid = {9AC8017F-3C7B-4A7C-B027-DC06728A56AE}
	EndGlobalSection
EndGlobal
